
Microsoft Visual Studio Solution File, Format Version 12.00
# Visual Studio 15
Project("{FAE04EC0-301F-11D3-BF4B-00C04F79EFBC}") = "Assembly-CSharp", "Assembly-CSharp.csproj", "{AE9A5050-F93D-5E6D-871A-0A7094856513}"
EndProject
Project("{FAE04EC0-301F-11D3-BF4B-00C04F79EFBC}") = "Assembly-CSharp-Editor", "Assembly-CSharp-Editor.csproj", "{894F8404-EA86-BFC1-5ECD-0E94AD89B870}"
EndProject
Global
	GlobalSection(SolutionConfigurationPlatforms) = preSolution
		Debug|Any CPU = Debug|Any CPU
		Release|Any CPU = Release|Any CPU
	EndGlobalSection
	GlobalSection(ProjectConfigurationPlatforms) = postSolution
		{AE9A5050-F93D-5E6D-871A-0A7094856513}.Debug|Any CPU.ActiveCfg = Debug|Any CPU
		{AE9A5050-F93D-5E6D-871A-0A7094856513}.Debug|Any CPU.Build.0 = Debug|Any CPU
		{AE9A5050-F93D-5E6D-871A-0A7094856513}.Release|Any CPU.ActiveCfg = Release|Any CPU
		{AE9A5050-F93D-5E6D-871A-0A7094856513}.Release|Any CPU.Build.0 = Release|Any CPU
		{894F8404-EA86-BFC1-5ECD-0E94AD89B870}.Debug|Any CPU.ActiveCfg = Debug|Any CPU
		{894F8404-EA86-BFC1-5ECD-0E94AD89B870}.Debug|Any CPU.Build.0 = Debug|Any CPU
		{894F8404-EA86-BFC1-5ECD-0E94AD89B870}.Release|Any CPU.ActiveCfg = Release|Any CPU
		{894F8404-EA86-BFC1-5ECD-0E94AD89B870}.Release|Any CPU.Build.0 = Release|Any CPU
	EndGlobalSection
	GlobalSection(SolutionProperties) = preSolution
		HideSolutionNode = FALSE
	EndGlobalSection
EndGlobal
